
Microsoft Visual Studio Solution File, Format Version 12.00
# Visual Studio Version 17
VisualStudioVersion = 17.5.002.0
MinimumVisualStudioVersion = 10.0.40219.1
Project("{9A19103F-16F7-4668-BE54-9A1E7A4F7556}") = "Multiplos 5 a 100", "Multiplos 5 a 100.csproj", "{F3397DB2-8EE6-4F4D-A59A-C9BE07E5D739}"
EndProject
Global
	GlobalSection(SolutionConfigurationPlatforms) = preSolution
		Debug|Any CPU = Debug|Any CPU
		Release|Any CPU = Release|Any CPU
	EndGlobalSection
	GlobalSection(ProjectConfigurationPlatforms) = postSolution
		{F3397DB2-8EE6-4F4D-A59A-C9BE07E5D739}.Debug|Any CPU.ActiveCfg = Debug|Any CPU
		{F3397DB2-8EE6-4F4D-A59A-C9BE07E5D739}.Debug|Any CPU.Build.0 = Debug|Any CPU
		{F3397DB2-8EE6-4F4D-A59A-C9BE07E5D739}.Release|Any CPU.ActiveCfg = Release|Any CPU
		{F3397DB2-8EE6-4F4D-A59A-C9BE07E5D739}.Release|Any CPU.Build.0 = Release|Any CPU
	EndGlobalSection
	GlobalSection(SolutionProperties) = preSolution
		HideSolutionNode = FALSE
	EndGlobalSection
	GlobalSection(ExtensibilityGlobals) = postSolution
		SolutionGuid = {508E9577-AE90-4952-9553-F9133B5966F6}
	EndGlobalSection
EndGlobal
